// !$*UTF8*$!
{
	archiveVersion = 1;
	classes = {
	};
	objectVersion = 46;
	objects = {

/* Begin PBXBuildFile section */
		6601E34618B02F0700E91A07 /* SystemConfiguration.framework in Frameworks */ = {isa = PBXBuildFile; fileRef = 6601E34518B02F0700E91A07 /* SystemConfiguration.framework */; };
		6601E34718B02F0E00E91A07 /* Security.framework in Frameworks */ = {isa = PBXBuildFile; fileRef = 6601E34318B02EFB00E91A07 /* Security.framework */; };
		66832D2514421450003E413C /* UIKit.framework in Frameworks */ = {isa = PBXBuildFile; fileRef = 66832D2414421450003E413C /* UIKit.framework */; };
		66832D2714421450003E413C /* Foundation.framework in Frameworks */ = {isa = PBXBuildFile; fileRef = 66832D2614421450003E413C /* Foundation.framework */; };
		66832D2914421450003E413C /* CoreGraphics.framework in Frameworks */ = {isa = PBXBuildFile; fileRef = 66832D2814421450003E413C /* CoreGraphics.framework */; };
		66832D2F14421450003E413C /* InfoPlist.strings in Resources */ = {isa = PBXBuildFile; fileRef = 66832D2D14421450003E413C /* InfoPlist.strings */; };
		66832D3114421450003E413C /* main.m in Sources */ = {isa = PBXBuildFile; fileRef = 66832D3014421450003E413C /* main.m */; };
		66832D3514421450003E413C /* AppDelegate.m in Sources */ = {isa = PBXBuildFile; fileRef = 66832D3414421450003E413C /* AppDelegate.m */; };
		66832D9914421530003E413C /* RootViewController.m in Sources */ = {isa = PBXBuildFile; fileRef = 66832D9814421530003E413C /* RootViewController.m */; };
		66832E1814442D17003E413C /* css in Resources */ = {isa = PBXBuildFile; fileRef = 66832E1714442D17003E413C /* css */; };
		7811DB531E92D5956ADD44DC /* libPods-CSSDemo.a in Frameworks */ = {isa = PBXBuildFile; fileRef = F53D381D8DCB7322B632BA49 /* libPods-CSSDemo.a */; };
		C743F6E416D1F4EB00A933B7 /* btn_blue_active.png in Resources */ = {isa = PBXBuildFile; fileRef = C743F6E016D1F4EB00A933B7 /* btn_blue_active.png */; };
		C743F6E516D1F4EB00A933B7 /* btn_blue_active@2x.png in Resources */ = {isa = PBXBuildFile; fileRef = C743F6E116D1F4EB00A933B7 /* btn_blue_active@2x.png */; };
		C743F6E616D1F4EB00A933B7 /* btn_blue_inactive.png in Resources */ = {isa = PBXBuildFile; fileRef = C743F6E216D1F4EB00A933B7 /* btn_blue_inactive.png */; };
		C743F6E716D1F4EB00A933B7 /* btn_blue_inactive@2x.png in Resources */ = {isa = PBXBuildFile; fileRef = C743F6E316D1F4EB00A933B7 /* btn_blue_inactive@2x.png */; };
		C7B9283F16D2B45A001BF61C /* Localizable.strings in Resources */ = {isa = PBXBuildFile; fileRef = C7B9283D16D2B45A001BF61C /* Localizable.strings */; };
/* End PBXBuildFile section */

/* Begin PBXFileReference section */
		6601E34318B02EFB00E91A07 /* Security.framework */ = {isa = PBXFileReference; lastKnownFileType = wrapper.framework; name = Security.framework; path = System/Library/Frameworks/Security.framework; sourceTree = SDKROOT; };
		6601E34518B02F0700E91A07 /* SystemConfiguration.framework */ = {isa = PBXFileReference; lastKnownFileType = wrapper.framework; name = SystemConfiguration.framework; path = System/Library/Frameworks/SystemConfiguration.framework; sourceTree = SDKROOT; };
		66832D2014421450003E413C /* CSSDemo.app */ = {isa = PBXFileReference; explicitFileType = wrapper.application; includeInIndex = 0; path = CSSDemo.app; sourceTree = BUILT_PRODUCTS_DIR; };
		66832D2414421450003E413C /* UIKit.framework */ = {isa = PBXFileReference; lastKnownFileType = wrapper.framework; name = UIKit.framework; path = System/Library/Frameworks/UIKit.framework; sourceTree = SDKROOT; };
		66832D2614421450003E413C /* Foundation.framework */ = {isa = PBXFileReference; lastKnownFileType = wrapper.framework; name = Foundation.framework; path = System/Library/Frameworks/Foundation.framework; sourceTree = SDKROOT; };
		66832D2814421450003E413C /* CoreGraphics.framework */ = {isa = PBXFileReference; lastKnownFileType = wrapper.framework; name = CoreGraphics.framework; path = System/Library/Frameworks/CoreGraphics.framework; sourceTree = SDKROOT; };
		66832D2C14421450003E413C /* CSSDemo-Info.plist */ = {isa = PBXFileReference; lastKnownFileType = text.plist.xml; path = "CSSDemo-Info.plist"; sourceTree = "<group>"; };
		66832D2E14421450003E413C /* en */ = {isa = PBXFileReference; lastKnownFileType = text.plist.strings; name = en; path = en.lproj/InfoPlist.strings; sourceTree = "<group>"; };
		66832D3014421450003E413C /* main.m */ = {isa = PBXFileReference; lastKnownFileType = sourcecode.c.objc; path = main.m; sourceTree = "<group>"; };
		66832D3214421450003E413C /* CSSDemo-Prefix.pch */ = {isa = PBXFileReference; lastKnownFileType = sourcecode.c.h; path = "CSSDemo-Prefix.pch"; sourceTree = "<group>"; };
		66832D3314421450003E413C /* AppDelegate.h */ = {isa = PBXFileReference; lastKnownFileType = sourcecode.c.h; path = AppDelegate.h; sourceTree = "<group>"; };
		66832D3414421450003E413C /* AppDelegate.m */ = {isa = PBXFileReference; lastKnownFileType = sourcecode.c.objc; path = AppDelegate.m; sourceTree = "<group>"; };
		66832D9714421530003E413C /* RootViewController.h */ = {isa = PBXFileReference; fileEncoding = 4; lastKnownFileType = sourcecode.c.h; path = RootViewController.h; sourceTree = "<group>"; };
		66832D9814421530003E413C /* RootViewController.m */ = {isa = PBXFileReference; fileEncoding = 4; lastKnownFileType = sourcecode.c.objc; path = RootViewController.m; sourceTree = "<group>"; };
		66832E1714442D17003E413C /* css */ = {isa = PBXFileReference; lastKnownFileType = folder; name = css; path = resources/css; sourceTree = "<group>"; };
		7404EC80F5A18E2E3E9B6DEE /* Pods-CSSDemo.release.xcconfig */ = {isa = PBXFileReference; includeInIndex = 1; lastKnownFileType = text.xcconfig; name = "Pods-CSSDemo.release.xcconfig"; path = "Pods/Target Support Files/Pods-CSSDemo/Pods-CSSDemo.release.xcconfig"; sourceTree = "<group>"; };
		BA78C7E06973D7BE707140F8 /* Pods-CSSDemo.debug.xcconfig */ = {isa = PBXFileReference; includeInIndex = 1; lastKnownFileType = text.xcconfig; name = "Pods-CSSDemo.debug.xcconfig"; path = "Pods/Target Support Files/Pods-CSSDemo/Pods-CSSDemo.debug.xcconfig"; sourceTree = "<group>"; };
		C743F6E016D1F4EB00A933B7 /* btn_blue_active.png */ = {isa = PBXFileReference; lastKnownFileType = image.png; name = btn_blue_active.png; path = resources/btn_blue_active.png; sourceTree = "<group>"; };
		C743F6E116D1F4EB00A933B7 /* btn_blue_active@2x.png */ = {isa = PBXFileReference; lastKnownFileType = image.png; name = "btn_blue_active@2x.png"; path = "resources/btn_blue_active@2x.png"; sourceTree = "<group>"; };
		C743F6E216D1F4EB00A933B7 /* btn_blue_inactive.png */ = {isa = PBXFileReference; lastKnownFileType = image.png; name = btn_blue_inactive.png; path = resources/btn_blue_inactive.png; sourceTree = "<group>"; };
		C743F6E316D1F4EB00A933B7 /* btn_blue_inactive@2x.png */ = {isa = PBXFileReference; lastKnownFileType = image.png; name = "btn_blue_inactive@2x.png"; path = "resources/btn_blue_inactive@2x.png"; sourceTree = "<group>"; };
		C7B9283E16D2B45A001BF61C /* en */ = {isa = PBXFileReference; lastKnownFileType = text.plist.strings; name = en; path = resources/en.lproj/Localizable.strings; sourceTree = "<group>"; };
		F53D381D8DCB7322B632BA49 /* libPods-CSSDemo.a */ = {isa = PBXFileReference; explicitFileType = archive.ar; includeInIndex = 0; path = "libPods-CSSDemo.a"; sourceTree = BUILT_PRODUCTS_DIR; };
/* End PBXFileReference section */

/* Begin PBXFrameworksBuildPhase section */
		66832D1D14421450003E413C /* Frameworks */ = {
			isa = PBXFrameworksBuildPhase;
			buildActionMask = 2147483647;
			files = (
				6601E34718B02F0E00E91A07 /* Security.framework in Frameworks */,
				6601E34618B02F0700E91A07 /* SystemConfiguration.framework in Frameworks */,
				66832D2514421450003E413C /* UIKit.framework in Frameworks */,
				66832D2714421450003E413C /* Foundation.framework in Frameworks */,
				66832D2914421450003E413C /* CoreGraphics.framework in Frameworks */,
				7811DB531E92D5956ADD44DC /* libPods-CSSDemo.a in Frameworks */,
			);
			runOnlyForDeploymentPostprocessing = 0;
		};
/* End PBXFrameworksBuildPhase section */

/* Begin PBXGroup section */
		66832D1514421450003E413C = {
			isa = PBXGroup;
			children = (
				66832D2A14421450003E413C /* CSSDemo */,
				66832D2314421450003E413C /* Frameworks */,
				66832D2114421450003E413C /* Products */,
				96E857D38B3D8EF3F7B5A694 /* Pods */,
			);
			sourceTree = "<group>";
		};
		66832D2114421450003E413C /* Products */ = {
			isa = PBXGroup;
			children = (
				66832D2014421450003E413C /* CSSDemo.app */,
			);
			name = Products;
			sourceTree = "<group>";
		};
		66832D2314421450003E413C /* Frameworks */ = {
			isa = PBXGroup;
			children = (
				6601E34518B02F0700E91A07 /* SystemConfiguration.framework */,
				6601E34318B02EFB00E91A07 /* Security.framework */,
				66832D2414421450003E413C /* UIKit.framework */,
				66832D2614421450003E413C /* Foundation.framework */,
				66832D2814421450003E413C /* CoreGraphics.framework */,
				F53D381D8DCB7322B632BA49 /* libPods-CSSDemo.a */,
			);
			name = Frameworks;
			sourceTree = "<group>";
		};
		66832D2A14421450003E413C /* CSSDemo */ = {
			isa = PBXGroup;
			children = (
				66832D3214421450003E413C /* CSSDemo-Prefix.pch */,
				66832D3F14421483003E413C /* Source */,
				66832D2B14421450003E413C /* Resources */,
			);
			path = CSSDemo;
			sourceTree = "<group>";
		};
		66832D2B14421450003E413C /* Resources */ = {
			isa = PBXGroup;
			children = (
				C7B9283D16D2B45A001BF61C /* Localizable.strings */,
				C743F6E016D1F4EB00A933B7 /* btn_blue_active.png */,
				C743F6E116D1F4EB00A933B7 /* btn_blue_active@2x.png */,
				C743F6E216D1F4EB00A933B7 /* btn_blue_inactive.png */,
				C743F6E316D1F4EB00A933B7 /* btn_blue_inactive@2x.png */,
				66832E1714442D17003E413C /* css */,
				66832D2C14421450003E413C /* CSSDemo-Info.plist */,
				66832D2D14421450003E413C /* InfoPlist.strings */,
			);
			name = Resources;
			sourceTree = "<group>";
		};
		66832D3F14421483003E413C /* Source */ = {
			isa = PBXGroup;
			children = (
				66832D961442151B003E413C /* Controllers */,
				66832D3314421450003E413C /* AppDelegate.h */,
				66832D3414421450003E413C /* AppDelegate.m */,
				66832D3014421450003E413C /* main.m */,
			);
			name = Source;
			sourceTree = "<group>";
		};
		66832D961442151B003E413C /* Controllers */ = {
			isa = PBXGroup;
			children = (
				66832D9714421530003E413C /* RootViewController.h */,
				66832D9814421530003E413C /* RootViewController.m */,
			);
			name = Controllers;
			sourceTree = "<group>";
		};
		96E857D38B3D8EF3F7B5A694 /* Pods */ = {
			isa = PBXGroup;
			children = (
				BA78C7E06973D7BE707140F8 /* Pods-CSSDemo.debug.xcconfig */,
				7404EC80F5A18E2E3E9B6DEE /* Pods-CSSDemo.release.xcconfig */,
			);
			name = Pods;
			sourceTree = "<group>";
		};
/* End PBXGroup section */

/* Begin PBXNativeTarget section */
		66832D1F14421450003E413C /* CSSDemo */ = {
			isa = PBXNativeTarget;
			buildConfigurationList = 66832D3814421450003E413C /* Build configuration list for PBXNativeTarget "CSSDemo" */;
			buildPhases = (
				3DB334793C90934D25E74170 /* [CP] Check Pods Manifest.lock */,
				66832D1C14421450003E413C /* Sources */,
				66832D1D14421450003E413C /* Frameworks */,
				66832D1E14421450003E413C /* Resources */,
				EAE7E98828A92B65C0A143F4 /* [CP] Embed Pods Frameworks */,
				0AAEF187638B94C424CF01F2 /* [CP] Copy Pods Resources */,
			);
			buildRules = (
			);
			dependencies = (
			);
			name = CSSDemo;
			productName = CSSDemo;
			productReference = 66832D2014421450003E413C /* CSSDemo.app */;
			productType = "com.apple.product-type.application";
		};
/* End PBXNativeTarget section */

/* Begin PBXProject section */
		66832D1714421450003E413C /* Project object */ = {
			isa = PBXProject;
			attributes = {
				LastUpgradeCheck = 0600;
			};
			buildConfigurationList = 66832D1A14421450003E413C /* Build configuration list for PBXProject "CSSDemo" */;
			compatibilityVersion = "Xcode 3.2";
			developmentRegion = English;
			hasScannedForEncodings = 0;
			knownRegions = (
				en,
			);
			mainGroup = 66832D1514421450003E413C;
			productRefGroup = 66832D2114421450003E413C /* Products */;
			projectDirPath = "";
			projectRoot = "";
			targets = (
				66832D1F14421450003E413C /* CSSDemo */,
			);
		};
/* End PBXProject section */

/* Begin PBXResourcesBuildPhase section */
		66832D1E14421450003E413C /* Resources */ = {
			isa = PBXResourcesBuildPhase;
			buildActionMask = 2147483647;
			files = (
				66832D2F14421450003E413C /* InfoPlist.strings in Resources */,
				66832E1814442D17003E413C /* css in Resources */,
				C743F6E416D1F4EB00A933B7 /* btn_blue_active.png in Resources */,
				C743F6E516D1F4EB00A933B7 /* btn_blue_active@2x.png in Resources */,
				C743F6E616D1F4EB00A933B7 /* btn_blue_inactive.png in Resources */,
				C743F6E716D1F4EB00A933B7 /* btn_blue_inactive@2x.png in Resources */,
				C7B9283F16D2B45A001BF61C /* Localizable.strings in Resources */,
			);
			runOnlyForDeploymentPostprocessing = 0;
		};
/* End PBXResourcesBuildPhase section */

/* Begin PBXShellScriptBuildPhase section */
		0AAEF187638B94C424CF01F2 /* [CP] Copy Pods Resources */ = {
			isa = PBXShellScriptBuildPhase;
			buildActionMask = 2147483647;
			files = (
			);
			inputPaths = (
			);
			name = "[CP] Copy Pods Resources";
			outputPaths = (
			);
			runOnlyForDeploymentPostprocessing = 0;
			shellPath = /bin/sh;
			shellScript = "\"${SRCROOT}/Pods/Target Support Files/Pods-CSSDemo/Pods-CSSDemo-resources.sh\"\n";
			showEnvVarsInLog = 0;
		};
		3DB334793C90934D25E74170 /* [CP] Check Pods Manifest.lock */ = {
			isa = PBXShellScriptBuildPhase;
			buildActionMask = 2147483647;
			files = (
			);
			inputPaths = (
			);
			name = "[CP] Check Pods Manifest.lock";
			outputPaths = (
			);
			runOnlyForDeploymentPostprocessing = 0;
			shellPath = /bin/sh;
			shellScript = "diff \"${PODS_ROOT}/../Podfile.lock\" \"${PODS_ROOT}/Manifest.lock\" > /dev/null\nif [ $? != 0 ] ; then\n    # print error to STDERR\n    echo \"error: The sandbox is not in sync with the Podfile.lock. Run 'pod install' or update your CocoaPods installation.\" >&2\n    exit 1\nfi\n";
			showEnvVarsInLog = 0;
		};
		EAE7E98828A92B65C0A143F4 /* [CP] Embed Pods Frameworks */ = {
			isa = PBXShellScriptBuildPhase;
			buildActionMask = 2147483647;
			files = (
			);
			inputPaths = (
			);
			name = "[CP] Embed Pods Frameworks";
			outputPaths = (
			);
			runOnlyForDeploymentPostprocessing = 0;
			shellPath = /bin/sh;
			shellScript = "\"${SRCROOT}/Pods/Target Support Files/Pods-CSSDemo/Pods-CSSDemo-frameworks.sh\"\n";
			showEnvVarsInLog = 0;
		};
/* End PBXShellScriptBuildPhase section */

/* Begin PBXSourcesBuildPhase section */
		66832D1C14421450003E413C /* Sources */ = {
			isa = PBXSourcesBuildPhase;
			buildActionMask = 2147483647;
			files = (
				66832D3114421450003E413C /* main.m in Sources */,
				66832D3514421450003E413C /* AppDelegate.m in Sources */,
				66832D9914421530003E413C /* RootViewController.m in Sources */,
			);
			runOnlyForDeploymentPostprocessing = 0;
		};
/* End PBXSourcesBuildPhase section */

/* Begin PBXVariantGroup section */
		66832D2D14421450003E413C /* InfoPlist.strings */ = {
			isa = PBXVariantGroup;
			children = (
				66832D2E14421450003E413C /* en */,
			);
			name = InfoPlist.strings;
			sourceTree = "<group>";
		};
		C7B9283D16D2B45A001BF61C /* Localizable.strings */ = {
			isa = PBXVariantGroup;
			children = (
				C7B9283E16D2B45A001BF61C /* en */,
			);
			name = Localizable.strings;
			sourceTree = "<group>";
		};
/* End PBXVariantGroup section */

/* Begin XCBuildConfiguration section */
		66832D3614421450003E413C /* Debug */ = {
			isa = XCBuildConfiguration;
			buildSettings = {
				ALWAYS_SEARCH_USER_PATHS = NO;
				CLANG_ENABLE_OBJC_ARC = YES;
				CLANG_WARN_BOOL_CONVERSION = YES;
				CLANG_WARN_CONSTANT_CONVERSION = YES;
				CLANG_WARN_EMPTY_BODY = YES;
				CLANG_WARN_ENUM_CONVERSION = YES;
				CLANG_WARN_INT_CONVERSION = YES;
				CLANG_WARN_UNREACHABLE_CODE = YES;
				CLANG_WARN__DUPLICATE_METHOD_MATCH = YES;
				"CODE_SIGN_IDENTITY[sdk=iphoneos*]" = "iPhone Developer";
				COPY_PHASE_STRIP = NO;
				ENABLE_STRICT_OBJC_MSGSEND = YES;
				GCC_C_LANGUAGE_STANDARD = gnu99;
				GCC_DYNAMIC_NO_PIC = NO;
				GCC_OPTIMIZATION_LEVEL = 0;
				GCC_PREPROCESSOR_DEFINITIONS = (
					"DEBUG=1",
					"$(inherited)",
				);
				GCC_SYMBOLS_PRIVATE_EXTERN = NO;
				GCC_VERSION = com.apple.compilers.llvm.clang.1_0;
				GCC_WARN_64_TO_32_BIT_CONVERSION = YES;
				GCC_WARN_ABOUT_MISSING_PROTOTYPES = YES;
				GCC_WARN_ABOUT_RETURN_TYPE = YES;
				GCC_WARN_UNDECLARED_SELECTOR = YES;
				GCC_WARN_UNINITIALIZED_AUTOS = YES;
				GCC_WARN_UNUSED_FUNCTION = YES;
				GCC_WARN_UNUSED_VARIABLE = YES;
				IPHONEOS_DEPLOYMENT_TARGET = 6.0;
				ONLY_ACTIVE_ARCH = YES;
				SDKROOT = iphoneos;
				TARGETED_DEVICE_FAMILY = "1,2";
			};
			name = Debug;
		};
		66832D3714421450003E413C /* Release */ = {
			isa = XCBuildConfiguration;
			buildSettings = {
				ALWAYS_SEARCH_USER_PATHS = NO;
				CLANG_ENABLE_OBJC_ARC = YES;
				CLANG_WARN_BOOL_CONVERSION = YES;
				CLANG_WARN_CONSTANT_CONVERSION = YES;
				CLANG_WARN_EMPTY_BODY = YES;
				CLANG_WARN_ENUM_CONVERSION = YES;
				CLANG_WARN_INT_CONVERSION = YES;
				CLANG_WARN_UNREACHABLE_CODE = YES;
				CLANG_WARN__DUPLICATE_METHOD_MATCH = YES;
				"CODE_SIGN_IDENTITY[sdk=iphoneos*]" = "iPhone Developer";
				COPY_PHASE_STRIP = YES;
				ENABLE_STRICT_OBJC_MSGSEND = YES;
				GCC_C_LANGUAGE_STANDARD = gnu99;
				GCC_VERSION = com.apple.compilers.llvm.clang.1_0;
				GCC_WARN_64_TO_32_BIT_CONVERSION = YES;
				GCC_WARN_ABOUT_MISSING_PROTOTYPES = YES;
				GCC_WARN_ABOUT_RETURN_TYPE = YES;
				GCC_WARN_UNDECLARED_SELECTOR = YES;
				GCC_WARN_UNINITIALIZED_AUTOS = YES;
				GCC_WARN_UNUSED_FUNCTION = YES;
				GCC_WARN_UNUSED_VARIABLE = YES;
				IPHONEOS_DEPLOYMENT_TARGET = 6.0;
				OTHER_CFLAGS = "-DNS_BLOCK_ASSERTIONS=1";
				SDKROOT = iphoneos;
				TARGETED_DEVICE_FAMILY = "1,2";
				VALIDATE_PRODUCT = YES;
			};
			name = Release;
		};
		66832D3914421450003E413C /* Debug */ = {
			isa = XCBuildConfiguration;
			baseConfigurationReference = BA78C7E06973D7BE707140F8 /* Pods-CSSDemo.debug.xcconfig */;
			buildSettings = {
				CODE_SIGN_IDENTITY = "iPhone Developer: Jeffrey Verkoeyen (MCEM7RED85)";
				GCC_C_LANGUAGE_STANDARD = c11;
				GCC_PRECOMPILE_PREFIX_HEADER = YES;
				GCC_PREFIX_HEADER = "CSSDemo/CSSDemo-Prefix.pch";
				INFOPLIST_FILE = "CSSDemo/CSSDemo-Info.plist";
				IPHONEOS_DEPLOYMENT_TARGET = 8.0;
				PRODUCT_NAME = "$(TARGET_NAME)";
				PROVISIONING_PROFILE = "06911D0B-8A67-4981-A7DE-12C7A0C08610";
				WRAPPER_EXTENSION = app;
			};
			name = Debug;
		};
		66832D3A14421450003E413C /* Release */ = {
			isa = XCBuildConfiguration;
			baseConfigurationReference = 7404EC80F5A18E2E3E9B6DEE /* Pods-CSSDemo.release.xcconfig */;
			buildSettings = {
				CODE_SIGN_IDENTITY = "iPhone Developer: Jeffrey Verkoeyen (MCEM7RED85)";
				GCC_C_LANGUAGE_STANDARD = c11;
				GCC_PRECOMPILE_PREFIX_HEADER = YES;
				GCC_PREFIX_HEADER = "CSSDemo/CSSDemo-Prefix.pch";
				INFOPLIST_FILE = "CSSDemo/CSSDemo-Info.plist";
				IPHONEOS_DEPLOYMENT_TARGET = 8.0;
				PRODUCT_NAME = "$(TARGET_NAME)";
				PROVISIONING_PROFILE = "06911D0B-8A67-4981-A7DE-12C7A0C08610";
				WRAPPER_EXTENSION = app;
			};
			name = Release;
		};
/* End XCBuildConfiguration section */

/* Begin XCConfigurationList section */
		66832D1A14421450003E413C /* Build configuration list for PBXProject "CSSDemo" */ = {
			isa = XCConfigurationList;
			buildConfigurations = (
				66832D3614421450003E413C /* Debug */,
				66832D3714421450003E413C /* Release */,
			);
			defaultConfigurationIsVisible = 0;
			defaultConfigurationName = Release;
		};
		66832D3814421450003E413C /* Build configuration list for PBXNativeTarget "CSSDemo" */ = {
			isa = XCConfigurationList;
			buildConfigurations = (
				66832D3914421450003E413C /* Debug */,
				66832D3A14421450003E413C /* Release */,
			);
			defaultConfigurationIsVisible = 0;
			defaultConfigurationName = Release;
		};
/* End XCConfigurationList section */
	};
	rootObject = 66832D1714421450003E413C /* Project object */;
}
