// !$*UTF8*$!
{
	archiveVersion = 1;
	classes = {
	};
	objectVersion = 46;
	objects = {

/* Begin PBXBuildFile section */
		2B960E8415AE41FC005714CA /* navigationbar.png in Resources */ = {isa = PBXBuildFile; fileRef = 2B960E8315AE41FC005714CA /* navigationbar.png */; };
		3616212C16812222002A9078 /* AlignmentAttributedLabelViewController.m in Sources */ = {isa = PBXBuildFile; fileRef = 3616212A16812222002A9078 /* AlignmentAttributedLabelViewController.m */; };
		3616212D16812222002A9078 /* AlignmentAttributedLabelViewController.xib in Resources */ = {isa = PBXBuildFile; fileRef = 3616212B16812222002A9078 /* AlignmentAttributedLabelViewController.xib */; };
		44707C77159B06A700B83149 /* BasicInstantiationPagingScrollViewController.m in Sources */ = {isa = PBXBuildFile; fileRef = 44707C76159B06A000B83149 /* BasicInstantiationPagingScrollViewController.m */; };
		660C6F2915992B2500209EB3 /* BadgedLauncherButtonView.m in Sources */ = {isa = PBXBuildFile; fileRef = 660C6F2815992B2500209EB3 /* BadgedLauncherButtonView.m */; };
		6613335E15D3A66B00369333 /* SnapshotRotationTableViewController.m in Sources */ = {isa = PBXBuildFile; fileRef = 6613335D15D3A66B00369333 /* SnapshotRotationTableViewController.m */; };
		6617AF2018A8138500037E75 /* NibCollectionModelViewController.m in Sources */ = {isa = PBXBuildFile; fileRef = 6617AF1F18A8138500037E75 /* NibCollectionModelViewController.m */; };
		6617AF2318A813FC00037E75 /* NibCellObject.m in Sources */ = {isa = PBXBuildFile; fileRef = 6617AF2218A813FC00037E75 /* NibCellObject.m */; };
		6617AF2518A817D600037E75 /* CustomTextCell.xib in Resources */ = {isa = PBXBuildFile; fileRef = 6617AF2418A817D600037E75 /* CustomTextCell.xib */; };
		6617AF2818A8188000037E75 /* CustomNibCollectionModelViewController.m in Sources */ = {isa = PBXBuildFile; fileRef = 6617AF2718A8188000037E75 /* CustomNibCollectionModelViewController.m */; };
		6617AF2B18A8189D00037E75 /* CustomTextCell.m in Sources */ = {isa = PBXBuildFile; fileRef = 6617AF2A18A8189D00037E75 /* CustomTextCell.m */; };
		661B9AB615AFF9DC00B743F1 /* NetworkBlockCellsViewController.m in Sources */ = {isa = PBXBuildFile; fileRef = 661B9AB515AFF9DC00B743F1 /* NetworkBlockCellsViewController.m */; };
		661F28EE159292B800D11FC3 /* BasicInstantiationBadgeViewController.m in Sources */ = {isa = PBXBuildFile; fileRef = 661F28ED159292B800D11FC3 /* BasicInstantiationBadgeViewController.m */; };
		661F28F6159299C900D11FC3 /* CustomizingBadgesViewController.m in Sources */ = {isa = PBXBuildFile; fileRef = 661F28F5159299C900D11FC3 /* CustomizingBadgesViewController.m */; };
		661F293215929E2300D11FC3 /* InterfaceBuilderBadgeViewController.m in Sources */ = {isa = PBXBuildFile; fileRef = 661F293015929E2300D11FC3 /* InterfaceBuilderBadgeViewController.m */; };
		661F293315929E2300D11FC3 /* ApplicationBadges.xib in Resources */ = {isa = PBXBuildFile; fileRef = 661F293115929E2300D11FC3 /* ApplicationBadges.xib */; };
		6633C7EF158F08A40054D240 /* InterfaceBuilderAttributedLabelViewController.m in Sources */ = {isa = PBXBuildFile; fileRef = 6633C7EE158F08A40054D240 /* InterfaceBuilderAttributedLabelViewController.m */; };
		6633C7F2158F08EA0054D240 /* AttributedLabelMashup.xib in Resources */ = {isa = PBXBuildFile; fileRef = 6633C7F1158F08EA0054D240 /* AttributedLabelMashup.xib */; };
		6633D21F15DDBD4100A4B07E /* ImagesAttributedLabelViewController.m in Sources */ = {isa = PBXBuildFile; fileRef = 6633D21E15DDBD4100A4B07E /* ImagesAttributedLabelViewController.m */; };
		66559AFA15C8BE6800ED9047 /* ActionsTableModelViewController.m in Sources */ = {isa = PBXBuildFile; fileRef = 66559AF915C8BE6800ED9047 /* ActionsTableModelViewController.m */; };
		66559AFE15CC3F9B00ED9047 /* ModalRadioGroupTableModelViewController.m in Sources */ = {isa = PBXBuildFile; fileRef = 66559AFD15CC3F9B00ED9047 /* ModalRadioGroupTableModelViewController.m */; };
		6658C38B18A910820080B319 /* SystemConfiguration.framework in Frameworks */ = {isa = PBXBuildFile; fileRef = 6658C38A18A910820080B319 /* SystemConfiguration.framework */; };
		6658C38D18A910860080B319 /* Security.framework in Frameworks */ = {isa = PBXBuildFile; fileRef = 6658C38C18A910860080B319 /* Security.framework */; };
		6677FEBD15AB8A0300517ABC /* BasicInstantiationTableModelViewController.m in Sources */ = {isa = PBXBuildFile; fileRef = 6677FEBC15AB8A0300517ABC /* BasicInstantiationTableModelViewController.m */; };
		6677FEDC15AB96BF00517ABC /* SectionedTableModelViewController.m in Sources */ = {isa = PBXBuildFile; fileRef = 6677FEDB15AB96BF00517ABC /* SectionedTableModelViewController.m */; };
		6677FEE015ABA9A300517ABC /* IndexedTableModelViewController.m in Sources */ = {isa = PBXBuildFile; fileRef = 6677FEDF15ABA9A300517ABC /* IndexedTableModelViewController.m */; };
		6677FEE315ABACC500517ABC /* FormCellCatalogViewController.m in Sources */ = {isa = PBXBuildFile; fileRef = 6677FEE215ABACC500517ABC /* FormCellCatalogViewController.m */; };
		6677FEE515AC8D1600517ABC /* circle.png in Resources */ = {isa = PBXBuildFile; fileRef = 6677FEE415AC8D1600517ABC /* circle.png */; };
		6677FEE715AC8D1C00517ABC /* star.png in Resources */ = {isa = PBXBuildFile; fileRef = 6677FEE615AC8D1C00517ABC /* star.png */; };
		6677FEEA15AC92C800517ABC /* RadioGroupTableModelViewController.m in Sources */ = {isa = PBXBuildFile; fileRef = 6677FEE915AC92C800517ABC /* RadioGroupTableModelViewController.m */; };
		6677FEED15ACA60400517ABC /* NestedRadioGroupTableModelViewController.m in Sources */ = {isa = PBXBuildFile; fileRef = 6677FEEC15ACA60400517ABC /* NestedRadioGroupTableModelViewController.m */; };
		668B766F15938C8400EA86F6 /* ExtraActionsWebViewController.m in Sources */ = {isa = PBXBuildFile; fileRef = 668B766E15938C8400EA86F6 /* ExtraActionsWebViewController.m */; };
		668B7673159394A200EA86F6 /* BasicInstantiationNetworkImageViewController.m in Sources */ = {isa = PBXBuildFile; fileRef = 668B7672159394A200EA86F6 /* BasicInstantiationNetworkImageViewController.m */; };
		6692F58F159920E200FA074E /* BadgedLauncherViewController.m in Sources */ = {isa = PBXBuildFile; fileRef = 6692F58E159920E200FA074E /* BadgedLauncherViewController.m */; };
		6693C0F0158A63E600950D42 /* UIKit.framework in Frameworks */ = {isa = PBXBuildFile; fileRef = 6693C0EF158A63E600950D42 /* UIKit.framework */; };
		6693C0F2158A63E600950D42 /* Foundation.framework in Frameworks */ = {isa = PBXBuildFile; fileRef = 6693C0F1158A63E600950D42 /* Foundation.framework */; };
		6693C0F4158A63E600950D42 /* CoreGraphics.framework in Frameworks */ = {isa = PBXBuildFile; fileRef = 6693C0F3158A63E600950D42 /* CoreGraphics.framework */; };
		6693C0FA158A63E600950D42 /* InfoPlist.strings in Resources */ = {isa = PBXBuildFile; fileRef = 6693C0F8158A63E600950D42 /* InfoPlist.strings */; };
		6693C0FC158A63E600950D42 /* main.m in Sources */ = {isa = PBXBuildFile; fileRef = 6693C0FB158A63E600950D42 /* main.m */; };
		6693C100158A63E600950D42 /* AppDelegate.m in Sources */ = {isa = PBXBuildFile; fileRef = 6693C0FF158A63E600950D42 /* AppDelegate.m */; };
		6693C1D3158A80A000950D42 /* CatalogViewController.m in Sources */ = {isa = PBXBuildFile; fileRef = 6693C1D2158A80A000950D42 /* CatalogViewController.m */; };
		6693C2EB158AA2BF00950D42 /* CoreText.framework in Frameworks */ = {isa = PBXBuildFile; fileRef = 6693C2EA158AA2BE00950D42 /* CoreText.framework */; };
		6693C2EE158AB5B600950D42 /* CustomTextAttributedLabelViewController.m in Sources */ = {isa = PBXBuildFile; fileRef = 6693C2ED158AB5B600950D42 /* CustomTextAttributedLabelViewController.m */; };
		6693EFED18A7293700A600A0 /* BasicInstantiationCollectionModelViewController.m in Sources */ = {isa = PBXBuildFile; fileRef = 6693EFEC18A7293700A600A0 /* BasicInstantiationCollectionModelViewController.m */; };
		6693F00118A7A40A00A600A0 /* ColorCell.m in Sources */ = {isa = PBXBuildFile; fileRef = 6693F00018A7A40A00A600A0 /* ColorCell.m */; };
		6693F00618A7B0B900A600A0 /* NimbusKitCell.xib in Resources */ = {isa = PBXBuildFile; fileRef = 6693F00518A7B0B900A600A0 /* NimbusKitCell.xib */; };
		669A15CD158D318B00A0990A /* LinksAttributedLabelViewController.m in Sources */ = {isa = PBXBuildFile; fileRef = 669A15CC158D318B00A0990A /* LinksAttributedLabelViewController.m */; };
		669A15D0158D38E700A0990A /* BasicInstantiationAttributedLabelViewController.m in Sources */ = {isa = PBXBuildFile; fileRef = 669A15CF158D38E700A0990A /* BasicInstantiationAttributedLabelViewController.m */; };
		669A15D3158E6C7C00A0990A /* DataTypesAttributedLabelViewController.m in Sources */ = {isa = PBXBuildFile; fileRef = 669A15D2158E6C7C00A0990A /* DataTypesAttributedLabelViewController.m */; };
		669A15D6158E81D200A0990A /* PerformanceAttributedLabelViewController.m in Sources */ = {isa = PBXBuildFile; fileRef = 669A15D5158E81D200A0990A /* PerformanceAttributedLabelViewController.m */; };
		66A29F911595082C00F6EA64 /* BasicInstantiationLauncherViewController.m in Sources */ = {isa = PBXBuildFile; fileRef = 66A29F901595082C00F6EA64 /* BasicInstantiationLauncherViewController.m */; };
		66B6692F159BD22500FE4AE8 /* LongTapAttributedLabelViewController.m in Sources */ = {isa = PBXBuildFile; fileRef = 66B6692E159BD22500FE4AE8 /* LongTapAttributedLabelViewController.m */; };
		66B67087159CC32D00FE4AE8 /* VerticalPagingScrollViewController.m in Sources */ = {isa = PBXBuildFile; fileRef = 66B67086159CC32D00FE4AE8 /* VerticalPagingScrollViewController.m */; };
		66B6708B159CC39E00FE4AE8 /* SamplePageView.m in Sources */ = {isa = PBXBuildFile; fileRef = 66B6708A159CC39D00FE4AE8 /* SamplePageView.m */; };
		66B941521592E36900AEA1D2 /* InterappViewController.m in Sources */ = {isa = PBXBuildFile; fileRef = 66B941511592E36900AEA1D2 /* InterappViewController.m */; };
		66B941541592E5EF00AEA1D2 /* CoreLocation.framework in Frameworks */ = {isa = PBXBuildFile; fileRef = 66B941531592E5EF00AEA1D2 /* CoreLocation.framework */; };
		66B941561592EB4500AEA1D2 /* dilly.jpg in Resources */ = {isa = PBXBuildFile; fileRef = 66B941551592EB4500AEA1D2 /* dilly.jpg */; };
		66BB4FA815958A6F00020EE8 /* ModelLauncherViewController.m in Sources */ = {isa = PBXBuildFile; fileRef = 66BB4FA715958A6F00020EE8 /* ModelLauncherViewController.m */; };
		66BB4FAF159594E300020EE8 /* ModifyingLauncherViewController.m in Sources */ = {isa = PBXBuildFile; fileRef = 66BB4FAE159594E300020EE8 /* ModifyingLauncherViewController.m */; };
		66BB4FCE15959B5000020EE8 /* RestoringLauncherViewController.m in Sources */ = {isa = PBXBuildFile; fileRef = 66BB4FCD15959B5000020EE8 /* RestoringLauncherViewController.m */; };
		66CB01A415ACA85E0048E189 /* BlockCellsViewController.m in Sources */ = {isa = PBXBuildFile; fileRef = 66CB01A315ACA85E0048E189 /* BlockCellsViewController.m */; };
		66D2E54F15D9616500281511 /* MutableTableModelViewController.m in Sources */ = {isa = PBXBuildFile; fileRef = 66D2E54E15D9616500281511 /* MutableTableModelViewController.m */; };
		66D2FDB81593D5D000B2BEFD /* ContentModesNetworkImageViewController.m in Sources */ = {isa = PBXBuildFile; fileRef = 66D2FDB71593D5D000B2BEFD /* ContentModesNetworkImageViewController.m */; };
		FB6D012ACA9CD37B5980800E /* Pods_Nimbus.framework in Frameworks */ = {isa = PBXBuildFile; fileRef = 6B0924822495651ABC2F6441 /* Pods_Nimbus.framework */; };
/* End PBXBuildFile section */

/* Begin PBXFileReference section */
		119231B1E9F56681FF2F04DA /* Pods-Nimbus.debug.xcconfig */ = {isa = PBXFileReference; includeInIndex = 1; lastKnownFileType = text.xcconfig; name = "Pods-Nimbus.debug.xcconfig"; path = "Pods/Target Support Files/Pods-Nimbus/Pods-Nimbus.debug.xcconfig"; sourceTree = "<group>"; };
		15CED1C7D7E9845E6A04DAED /* Pods-Nimbus.release.xcconfig */ = {isa = PBXFileReference; includeInIndex = 1; lastKnownFileType = text.xcconfig; name = "Pods-Nimbus.release.xcconfig"; path = "Pods/Target Support Files/Pods-Nimbus/Pods-Nimbus.release.xcconfig"; sourceTree = "<group>"; };
		2B960E8315AE41FC005714CA /* navigationbar.png */ = {isa = PBXFileReference; lastKnownFileType = image.png; name = navigationbar.png; path = Catalog/navigationbar.png; sourceTree = "<group>"; };
		3616212916812222002A9078 /* AlignmentAttributedLabelViewController.h */ = {isa = PBXFileReference; fileEncoding = 4; lastKnownFileType = sourcecode.c.h; path = AlignmentAttributedLabelViewController.h; sourceTree = "<group>"; };
		3616212A16812222002A9078 /* AlignmentAttributedLabelViewController.m */ = {isa = PBXFileReference; fileEncoding = 4; lastKnownFileType = sourcecode.c.objc; path = AlignmentAttributedLabelViewController.m; sourceTree = "<group>"; };
		3616212B16812222002A9078 /* AlignmentAttributedLabelViewController.xib */ = {isa = PBXFileReference; fileEncoding = 4; lastKnownFileType = file.xib; path = AlignmentAttributedLabelViewController.xib; sourceTree = "<group>"; };
		44707C75159B06A000B83149 /* BasicInstantiationPagingScrollViewController.h */ = {isa = PBXFileReference; lastKnownFileType = sourcecode.c.h; path = BasicInstantiationPagingScrollViewController.h; sourceTree = "<group>"; };
		44707C76159B06A000B83149 /* BasicInstantiationPagingScrollViewController.m */ = {isa = PBXFileReference; lastKnownFileType = sourcecode.c.objc; path = BasicInstantiationPagingScrollViewController.m; sourceTree = "<group>"; };
		660C6F2715992B2500209EB3 /* BadgedLauncherButtonView.h */ = {isa = PBXFileReference; fileEncoding = 4; lastKnownFileType = sourcecode.c.h; path = BadgedLauncherButtonView.h; sourceTree = "<group>"; };
		660C6F2815992B2500209EB3 /* BadgedLauncherButtonView.m */ = {isa = PBXFileReference; fileEncoding = 4; lastKnownFileType = sourcecode.c.objc; path = BadgedLauncherButtonView.m; sourceTree = "<group>"; };
		6613335C15D3A66B00369333 /* SnapshotRotationTableViewController.h */ = {isa = PBXFileReference; fileEncoding = 4; lastKnownFileType = sourcecode.c.h; path = SnapshotRotationTableViewController.h; sourceTree = "<group>"; };
		6613335D15D3A66B00369333 /* SnapshotRotationTableViewController.m */ = {isa = PBXFileReference; fileEncoding = 4; lastKnownFileType = sourcecode.c.objc; path = SnapshotRotationTableViewController.m; sourceTree = "<group>"; };
		6617AF1E18A8138500037E75 /* NibCollectionModelViewController.h */ = {isa = PBXFileReference; fileEncoding = 4; lastKnownFileType = sourcecode.c.h; path = NibCollectionModelViewController.h; sourceTree = "<group>"; };
		6617AF1F18A8138500037E75 /* NibCollectionModelViewController.m */ = {isa = PBXFileReference; fileEncoding = 4; lastKnownFileType = sourcecode.c.objc; path = NibCollectionModelViewController.m; sourceTree = "<group>"; };
		6617AF2118A813FC00037E75 /* NibCellObject.h */ = {isa = PBXFileReference; fileEncoding = 4; lastKnownFileType = sourcecode.c.h; path = NibCellObject.h; sourceTree = "<group>"; };
		6617AF2218A813FC00037E75 /* NibCellObject.m */ = {isa = PBXFileReference; fileEncoding = 4; lastKnownFileType = sourcecode.c.objc; path = NibCellObject.m; sourceTree = "<group>"; };
		6617AF2418A817D600037E75 /* CustomTextCell.xib */ = {isa = PBXFileReference; fileEncoding = 4; lastKnownFileType = file.xib; path = CustomTextCell.xib; sourceTree = "<group>"; };
		6617AF2618A8188000037E75 /* CustomNibCollectionModelViewController.h */ = {isa = PBXFileReference; fileEncoding = 4; lastKnownFileType = sourcecode.c.h; path = CustomNibCollectionModelViewController.h; sourceTree = "<group>"; };
		6617AF2718A8188000037E75 /* CustomNibCollectionModelViewController.m */ = {isa = PBXFileReference; fileEncoding = 4; lastKnownFileType = sourcecode.c.objc; path = CustomNibCollectionModelViewController.m; sourceTree = "<group>"; };
		6617AF2918A8189D00037E75 /* CustomTextCell.h */ = {isa = PBXFileReference; fileEncoding = 4; lastKnownFileType = sourcecode.c.h; path = CustomTextCell.h; sourceTree = "<group>"; };
		6617AF2A18A8189D00037E75 /* CustomTextCell.m */ = {isa = PBXFileReference; fileEncoding = 4; lastKnownFileType = sourcecode.c.objc; path = CustomTextCell.m; sourceTree = "<group>"; };
		661B9AB415AFF9DC00B743F1 /* NetworkBlockCellsViewController.h */ = {isa = PBXFileReference; fileEncoding = 4; lastKnownFileType = sourcecode.c.h; path = NetworkBlockCellsViewController.h; sourceTree = "<group>"; };
		661B9AB515AFF9DC00B743F1 /* NetworkBlockCellsViewController.m */ = {isa = PBXFileReference; fileEncoding = 4; lastKnownFileType = sourcecode.c.objc; path = NetworkBlockCellsViewController.m; sourceTree = "<group>"; };
		661F28EC159292B800D11FC3 /* BasicInstantiationBadgeViewController.h */ = {isa = PBXFileReference; fileEncoding = 4; lastKnownFileType = sourcecode.c.h; path = BasicInstantiationBadgeViewController.h; sourceTree = "<group>"; };
		661F28ED159292B800D11FC3 /* BasicInstantiationBadgeViewController.m */ = {isa = PBXFileReference; fileEncoding = 4; lastKnownFileType = sourcecode.c.objc; path = BasicInstantiationBadgeViewController.m; sourceTree = "<group>"; };
		661F28F4159299C900D11FC3 /* CustomizingBadgesViewController.h */ = {isa = PBXFileReference; fileEncoding = 4; lastKnownFileType = sourcecode.c.h; path = CustomizingBadgesViewController.h; sourceTree = "<group>"; };
		661F28F5159299C900D11FC3 /* CustomizingBadgesViewController.m */ = {isa = PBXFileReference; fileEncoding = 4; lastKnownFileType = sourcecode.c.objc; path = CustomizingBadgesViewController.m; sourceTree = "<group>"; };
		661F292F15929E2300D11FC3 /* InterfaceBuilderBadgeViewController.h */ = {isa = PBXFileReference; fileEncoding = 4; lastKnownFileType = sourcecode.c.h; path = InterfaceBuilderBadgeViewController.h; sourceTree = "<group>"; };
		661F293015929E2300D11FC3 /* InterfaceBuilderBadgeViewController.m */ = {isa = PBXFileReference; fileEncoding = 4; lastKnownFileType = sourcecode.c.objc; path = InterfaceBuilderBadgeViewController.m; sourceTree = "<group>"; };
		661F293115929E2300D11FC3 /* ApplicationBadges.xib */ = {isa = PBXFileReference; fileEncoding = 4; lastKnownFileType = file.xib; path = ApplicationBadges.xib; sourceTree = "<group>"; };
		6633C7ED158F08A40054D240 /* InterfaceBuilderAttributedLabelViewController.h */ = {isa = PBXFileReference; fileEncoding = 4; lastKnownFileType = sourcecode.c.h; path = InterfaceBuilderAttributedLabelViewController.h; sourceTree = "<group>"; };
		6633C7EE158F08A40054D240 /* InterfaceBuilderAttributedLabelViewController.m */ = {isa = PBXFileReference; fileEncoding = 4; lastKnownFileType = sourcecode.c.objc; path = InterfaceBuilderAttributedLabelViewController.m; sourceTree = "<group>"; };
		6633C7F1158F08EA0054D240 /* AttributedLabelMashup.xib */ = {isa = PBXFileReference; fileEncoding = 4; lastKnownFileType = file.xib; path = AttributedLabelMashup.xib; sourceTree = "<group>"; };
		6633D21D15DDBD4100A4B07E /* ImagesAttributedLabelViewController.h */ = {isa = PBXFileReference; fileEncoding = 4; lastKnownFileType = sourcecode.c.h; path = ImagesAttributedLabelViewController.h; sourceTree = "<group>"; };
		6633D21E15DDBD4100A4B07E /* ImagesAttributedLabelViewController.m */ = {isa = PBXFileReference; fileEncoding = 4; lastKnownFileType = sourcecode.c.objc; path = ImagesAttributedLabelViewController.m; sourceTree = "<group>"; };
		66559AF815C8BE6800ED9047 /* ActionsTableModelViewController.h */ = {isa = PBXFileReference; fileEncoding = 4; lastKnownFileType = sourcecode.c.h; path = ActionsTableModelViewController.h; sourceTree = "<group>"; };
		66559AF915C8BE6800ED9047 /* ActionsTableModelViewController.m */ = {isa = PBXFileReference; fileEncoding = 4; lastKnownFileType = sourcecode.c.objc; path = ActionsTableModelViewController.m; sourceTree = "<group>"; };
		66559AFC15CC3F9B00ED9047 /* ModalRadioGroupTableModelViewController.h */ = {isa = PBXFileReference; fileEncoding = 4; lastKnownFileType = sourcecode.c.h; path = ModalRadioGroupTableModelViewController.h; sourceTree = "<group>"; };
		66559AFD15CC3F9B00ED9047 /* ModalRadioGroupTableModelViewController.m */ = {isa = PBXFileReference; fileEncoding = 4; lastKnownFileType = sourcecode.c.objc; path = ModalRadioGroupTableModelViewController.m; sourceTree = "<group>"; };
		6658C38A18A910820080B319 /* SystemConfiguration.framework */ = {isa = PBXFileReference; lastKnownFileType = wrapper.framework; name = SystemConfiguration.framework; path = System/Library/Frameworks/SystemConfiguration.framework; sourceTree = SDKROOT; };
		6658C38C18A910860080B319 /* Security.framework */ = {isa = PBXFileReference; lastKnownFileType = wrapper.framework; name = Security.framework; path = System/Library/Frameworks/Security.framework; sourceTree = SDKROOT; };
		6677FEBB15AB8A0300517ABC /* BasicInstantiationTableModelViewController.h */ = {isa = PBXFileReference; fileEncoding = 4; lastKnownFileType = sourcecode.c.h; path = BasicInstantiationTableModelViewController.h; sourceTree = "<group>"; };
		6677FEBC15AB8A0300517ABC /* BasicInstantiationTableModelViewController.m */ = {isa = PBXFileReference; fileEncoding = 4; lastKnownFileType = sourcecode.c.objc; path = BasicInstantiationTableModelViewController.m; sourceTree = "<group>"; };
		6677FEDA15AB96BF00517ABC /* SectionedTableModelViewController.h */ = {isa = PBXFileReference; fileEncoding = 4; lastKnownFileType = sourcecode.c.h; path = SectionedTableModelViewController.h; sourceTree = "<group>"; };
		6677FEDB15AB96BF00517ABC /* SectionedTableModelViewController.m */ = {isa = PBXFileReference; fileEncoding = 4; lastKnownFileType = sourcecode.c.objc; path = SectionedTableModelViewController.m; sourceTree = "<group>"; };
		6677FEDE15ABA9A200517ABC /* IndexedTableModelViewController.h */ = {isa = PBXFileReference; fileEncoding = 4; lastKnownFileType = sourcecode.c.h; path = IndexedTableModelViewController.h; sourceTree = "<group>"; };
		6677FEDF15ABA9A300517ABC /* IndexedTableModelViewController.m */ = {isa = PBXFileReference; fileEncoding = 4; lastKnownFileType = sourcecode.c.objc; path = IndexedTableModelViewController.m; sourceTree = "<group>"; };
		6677FEE115ABACC500517ABC /* FormCellCatalogViewController.h */ = {isa = PBXFileReference; fileEncoding = 4; lastKnownFileType = sourcecode.c.h; path = FormCellCatalogViewController.h; sourceTree = "<group>"; };
		6677FEE215ABACC500517ABC /* FormCellCatalogViewController.m */ = {isa = PBXFileReference; fileEncoding = 4; lastKnownFileType = sourcecode.c.objc; path = FormCellCatalogViewController.m; sourceTree = "<group>"; };
		6677FEE415AC8D1600517ABC /* circle.png */ = {isa = PBXFileReference; lastKnownFileType = image.png; name = circle.png; path = ../catalog/Catalog/circle.png; sourceTree = "<group>"; };
		6677FEE615AC8D1C00517ABC /* star.png */ = {isa = PBXFileReference; lastKnownFileType = image.png; name = star.png; path = ../catalog/Catalog/star.png; sourceTree = "<group>"; };
		6677FEE815AC92C800517ABC /* RadioGroupTableModelViewController.h */ = {isa = PBXFileReference; fileEncoding = 4; lastKnownFileType = sourcecode.c.h; path = RadioGroupTableModelViewController.h; sourceTree = "<group>"; };
		6677FEE915AC92C800517ABC /* RadioGroupTableModelViewController.m */ = {isa = PBXFileReference; fileEncoding = 4; lastKnownFileType = sourcecode.c.objc; path = RadioGroupTableModelViewController.m; sourceTree = "<group>"; };
		6677FEEB15ACA60300517ABC /* NestedRadioGroupTableModelViewController.h */ = {isa = PBXFileReference; fileEncoding = 4; lastKnownFileType = sourcecode.c.h; path = NestedRadioGroupTableModelViewController.h; sourceTree = "<group>"; };
		6677FEEC15ACA60400517ABC /* NestedRadioGroupTableModelViewController.m */ = {isa = PBXFileReference; fileEncoding = 4; lastKnownFileType = sourcecode.c.objc; path = NestedRadioGroupTableModelViewController.m; sourceTree = "<group>"; };
		668B766D15938C8400EA86F6 /* ExtraActionsWebViewController.h */ = {isa = PBXFileReference; fileEncoding = 4; lastKnownFileType = sourcecode.c.h; path = ExtraActionsWebViewController.h; sourceTree = "<group>"; };
		668B766E15938C8400EA86F6 /* ExtraActionsWebViewController.m */ = {isa = PBXFileReference; fileEncoding = 4; lastKnownFileType = sourcecode.c.objc; path = ExtraActionsWebViewController.m; sourceTree = "<group>"; };
		668B7671159394A200EA86F6 /* BasicInstantiationNetworkImageViewController.h */ = {isa = PBXFileReference; fileEncoding = 4; lastKnownFileType = sourcecode.c.h; path = BasicInstantiationNetworkImageViewController.h; sourceTree = "<group>"; };
		668B7672159394A200EA86F6 /* BasicInstantiationNetworkImageViewController.m */ = {isa = PBXFileReference; fileEncoding = 4; lastKnownFileType = sourcecode.c.objc; path = BasicInstantiationNetworkImageViewController.m; sourceTree = "<group>"; };
		6692F58D159920E200FA074E /* BadgedLauncherViewController.h */ = {isa = PBXFileReference; fileEncoding = 4; lastKnownFileType = sourcecode.c.h; path = BadgedLauncherViewController.h; sourceTree = "<group>"; };
		6692F58E159920E200FA074E /* BadgedLauncherViewController.m */ = {isa = PBXFileReference; fileEncoding = 4; lastKnownFileType = sourcecode.c.objc; path = BadgedLauncherViewController.m; sourceTree = "<group>"; };
		6693C0EB158A63E600950D42 /* Nimbus.app */ = {isa = PBXFileReference; explicitFileType = wrapper.application; includeInIndex = 0; path = Nimbus.app; sourceTree = BUILT_PRODUCTS_DIR; };
		6693C0EF158A63E600950D42 /* UIKit.framework */ = {isa = PBXFileReference; lastKnownFileType = wrapper.framework; name = UIKit.framework; path = System/Library/Frameworks/UIKit.framework; sourceTree = SDKROOT; };
		6693C0F1158A63E600950D42 /* Foundation.framework */ = {isa = PBXFileReference; lastKnownFileType = wrapper.framework; name = Foundation.framework; path = System/Library/Frameworks/Foundation.framework; sourceTree = SDKROOT; };
		6693C0F3158A63E600950D42 /* CoreGraphics.framework */ = {isa = PBXFileReference; lastKnownFileType = wrapper.framework; name = CoreGraphics.framework; path = System/Library/Frameworks/CoreGraphics.framework; sourceTree = SDKROOT; };
		6693C0F7158A63E600950D42 /* NimbusCatalog-Info.plist */ = {isa = PBXFileReference; lastKnownFileType = text.plist.xml; name = "NimbusCatalog-Info.plist"; path = "Catalog/NimbusCatalog-Info.plist"; sourceTree = "<group>"; };
		6693C0F9158A63E600950D42 /* en */ = {isa = PBXFileReference; lastKnownFileType = text.plist.strings; name = en; path = en.lproj/InfoPlist.strings; sourceTree = "<group>"; };
		6693C0FB158A63E600950D42 /* main.m */ = {isa = PBXFileReference; lastKnownFileType = sourcecode.c.objc; name = main.m; path = Catalog/main.m; sourceTree = "<group>"; };
		6693C0FD158A63E600950D42 /* NimbusCatalog-Prefix.pch */ = {isa = PBXFileReference; lastKnownFileType = sourcecode.c.h; name = "NimbusCatalog-Prefix.pch"; path = "Catalog/NimbusCatalog-Prefix.pch"; sourceTree = "<group>"; };
		6693C0FE158A63E600950D42 /* AppDelegate.h */ = {isa = PBXFileReference; lastKnownFileType = sourcecode.c.h; name = AppDelegate.h; path = Catalog/AppDelegate.h; sourceTree = "<group>"; };
		6693C0FF158A63E600950D42 /* AppDelegate.m */ = {isa = PBXFileReference; lastKnownFileType = sourcecode.c.objc; name = AppDelegate.m; path = Catalog/AppDelegate.m; sourceTree = "<group>"; };
		6693C1D1158A80A000950D42 /* CatalogViewController.h */ = {isa = PBXFileReference; fileEncoding = 4; lastKnownFileType = sourcecode.c.h; path = CatalogViewController.h; sourceTree = "<group>"; };
		6693C1D2158A80A000950D42 /* CatalogViewController.m */ = {isa = PBXFileReference; fileEncoding = 4; lastKnownFileType = sourcecode.c.objc; path = CatalogViewController.m; sourceTree = "<group>"; };
		6693C2DE158A9A3E00950D42 /* BasicInstantiationAttributedLabelViewController.h */ = {isa = PBXFileReference; fileEncoding = 4; lastKnownFileType = sourcecode.c.h; path = BasicInstantiationAttributedLabelViewController.h; sourceTree = "<group>"; };
		6693C2EA158AA2BE00950D42 /* CoreText.framework */ = {isa = PBXFileReference; lastKnownFileType = wrapper.framework; name = CoreText.framework; path = System/Library/Frameworks/CoreText.framework; sourceTree = SDKROOT; };
		6693C2EC158AB5B600950D42 /* CustomTextAttributedLabelViewController.h */ = {isa = PBXFileReference; fileEncoding = 4; lastKnownFileType = sourcecode.c.h; path = CustomTextAttributedLabelViewController.h; sourceTree = "<group>"; };
		6693C2ED158AB5B600950D42 /* CustomTextAttributedLabelViewController.m */ = {isa = PBXFileReference; fileEncoding = 4; lastKnownFileType = sourcecode.c.objc; path = CustomTextAttributedLabelViewController.m; sourceTree = "<group>"; };
		6693EFEB18A7293700A600A0 /* BasicInstantiationCollectionModelViewController.h */ = {isa = PBXFileReference; fileEncoding = 4; lastKnownFileType = sourcecode.c.h; path = BasicInstantiationCollectionModelViewController.h; sourceTree = "<group>"; };
		6693EFEC18A7293700A600A0 /* BasicInstantiationCollectionModelViewController.m */ = {isa = PBXFileReference; fileEncoding = 4; lastKnownFileType = sourcecode.c.objc; path = BasicInstantiationCollectionModelViewController.m; sourceTree = "<group>"; };
		6693EFFF18A7A40A00A600A0 /* ColorCell.h */ = {isa = PBXFileReference; fileEncoding = 4; lastKnownFileType = sourcecode.c.h; path = ColorCell.h; sourceTree = "<group>"; };
		6693F00018A7A40A00A600A0 /* ColorCell.m */ = {isa = PBXFileReference; fileEncoding = 4; lastKnownFileType = sourcecode.c.objc; path = ColorCell.m; sourceTree = "<group>"; };
		6693F00518A7B0B900A600A0 /* NimbusKitCell.xib */ = {isa = PBXFileReference; fileEncoding = 4; lastKnownFileType = file.xib; path = NimbusKitCell.xib; sourceTree = "<group>"; };
		669A15CB158D318B00A0990A /* LinksAttributedLabelViewController.h */ = {isa = PBXFileReference; fileEncoding = 4; lastKnownFileType = sourcecode.c.h; path = LinksAttributedLabelViewController.h; sourceTree = "<group>"; };
		669A15CC158D318B00A0990A /* LinksAttributedLabelViewController.m */ = {isa = PBXFileReference; fileEncoding = 4; lastKnownFileType = sourcecode.c.objc; path = LinksAttributedLabelViewController.m; sourceTree = "<group>"; };
		669A15CF158D38E700A0990A /* BasicInstantiationAttributedLabelViewController.m */ = {isa = PBXFileReference; fileEncoding = 4; lastKnownFileType = sourcecode.c.objc; path = BasicInstantiationAttributedLabelViewController.m; sourceTree = "<group>"; };
		669A15D1158E6C7C00A0990A /* DataTypesAttributedLabelViewController.h */ = {isa = PBXFileReference; fileEncoding = 4; lastKnownFileType = sourcecode.c.h; path = DataTypesAttributedLabelViewController.h; sourceTree = "<group>"; };
		669A15D2158E6C7C00A0990A /* DataTypesAttributedLabelViewController.m */ = {isa = PBXFileReference; fileEncoding = 4; lastKnownFileType = sourcecode.c.objc; path = DataTypesAttributedLabelViewController.m; sourceTree = "<group>"; };
		669A15D4158E81D200A0990A /* PerformanceAttributedLabelViewController.h */ = {isa = PBXFileReference; fileEncoding = 4; lastKnownFileType = sourcecode.c.h; path = PerformanceAttributedLabelViewController.h; sourceTree = "<group>"; };
		669A15D5158E81D200A0990A /* PerformanceAttributedLabelViewController.m */ = {isa = PBXFileReference; fileEncoding = 4; lastKnownFileType = sourcecode.c.objc; path = PerformanceAttributedLabelViewController.m; sourceTree = "<group>"; };
		66A29F8F1595082C00F6EA64 /* BasicInstantiationLauncherViewController.h */ = {isa = PBXFileReference; fileEncoding = 4; lastKnownFileType = sourcecode.c.h; path = BasicInstantiationLauncherViewController.h; sourceTree = "<group>"; };
		66A29F901595082C00F6EA64 /* BasicInstantiationLauncherViewController.m */ = {isa = PBXFileReference; fileEncoding = 4; lastKnownFileType = sourcecode.c.objc; path = BasicInstantiationLauncherViewController.m; sourceTree = "<group>"; };
		66B6692D159BD22500FE4AE8 /* LongTapAttributedLabelViewController.h */ = {isa = PBXFileReference; fileEncoding = 4; lastKnownFileType = sourcecode.c.h; path = LongTapAttributedLabelViewController.h; sourceTree = "<group>"; };
		66B6692E159BD22500FE4AE8 /* LongTapAttributedLabelViewController.m */ = {isa = PBXFileReference; fileEncoding = 4; lastKnownFileType = sourcecode.c.objc; path = LongTapAttributedLabelViewController.m; sourceTree = "<group>"; };
		66B67085159CC32D00FE4AE8 /* VerticalPagingScrollViewController.h */ = {isa = PBXFileReference; fileEncoding = 4; lastKnownFileType = sourcecode.c.h; path = VerticalPagingScrollViewController.h; sourceTree = "<group>"; };
		66B67086159CC32D00FE4AE8 /* VerticalPagingScrollViewController.m */ = {isa = PBXFileReference; fileEncoding = 4; lastKnownFileType = sourcecode.c.objc; path = VerticalPagingScrollViewController.m; sourceTree = "<group>"; };
		66B67089159CC39D00FE4AE8 /* SamplePageView.h */ = {isa = PBXFileReference; fileEncoding = 4; lastKnownFileType = sourcecode.c.h; path = SamplePageView.h; sourceTree = "<group>"; };
		66B6708A159CC39D00FE4AE8 /* SamplePageView.m */ = {isa = PBXFileReference; fileEncoding = 4; lastKnownFileType = sourcecode.c.objc; path = SamplePageView.m; sourceTree = "<group>"; };
		66B941501592E36900AEA1D2 /* InterappViewController.h */ = {isa = PBXFileReference; fileEncoding = 4; lastKnownFileType = sourcecode.c.h; path = InterappViewController.h; sourceTree = "<group>"; };
		66B941511592E36900AEA1D2 /* InterappViewController.m */ = {isa = PBXFileReference; fileEncoding = 4; lastKnownFileType = sourcecode.c.objc; path = InterappViewController.m; sourceTree = "<group>"; };
		66B941531592E5EF00AEA1D2 /* CoreLocation.framework */ = {isa = PBXFileReference; lastKnownFileType = wrapper.framework; name = CoreLocation.framework; path = System/Library/Frameworks/CoreLocation.framework; sourceTree = SDKROOT; };
		66B941551592EB4500AEA1D2 /* dilly.jpg */ = {isa = PBXFileReference; lastKnownFileType = image.jpeg; name = dilly.jpg; path = ../catalog/Catalog/dilly.jpg; sourceTree = "<group>"; };
		66BB4FA615958A6F00020EE8 /* ModelLauncherViewController.h */ = {isa = PBXFileReference; fileEncoding = 4; lastKnownFileType = sourcecode.c.h; path = ModelLauncherViewController.h; sourceTree = "<group>"; };
		66BB4FA715958A6F00020EE8 /* ModelLauncherViewController.m */ = {isa = PBXFileReference; fileEncoding = 4; lastKnownFileType = sourcecode.c.objc; path = ModelLauncherViewController.m; sourceTree = "<group>"; };
		66BB4FAD159594E300020EE8 /* ModifyingLauncherViewController.h */ = {isa = PBXFileReference; fileEncoding = 4; lastKnownFileType = sourcecode.c.h; path = ModifyingLauncherViewController.h; sourceTree = "<group>"; };
		66BB4FAE159594E300020EE8 /* ModifyingLauncherViewController.m */ = {isa = PBXFileReference; fileEncoding = 4; lastKnownFileType = sourcecode.c.objc; path = ModifyingLauncherViewController.m; sourceTree = "<group>"; };
		66BB4FCC15959B5000020EE8 /* RestoringLauncherViewController.h */ = {isa = PBXFileReference; fileEncoding = 4; lastKnownFileType = sourcecode.c.h; path = RestoringLauncherViewController.h; sourceTree = "<group>"; };
		66BB4FCD15959B5000020EE8 /* RestoringLauncherViewController.m */ = {isa = PBXFileReference; fileEncoding = 4; lastKnownFileType = sourcecode.c.objc; path = RestoringLauncherViewController.m; sourceTree = "<group>"; };
		66CB01A215ACA85E0048E189 /* BlockCellsViewController.h */ = {isa = PBXFileReference; fileEncoding = 4; lastKnownFileType = sourcecode.c.h; path = BlockCellsViewController.h; sourceTree = "<group>"; };
		66CB01A315ACA85E0048E189 /* BlockCellsViewController.m */ = {isa = PBXFileReference; fileEncoding = 4; lastKnownFileType = sourcecode.c.objc; path = BlockCellsViewController.m; sourceTree = "<group>"; };
		66D2E54D15D9616500281511 /* MutableTableModelViewController.h */ = {isa = PBXFileReference; fileEncoding = 4; lastKnownFileType = sourcecode.c.h; path = MutableTableModelViewController.h; sourceTree = "<group>"; };
		66D2E54E15D9616500281511 /* MutableTableModelViewController.m */ = {isa = PBXFileReference; fileEncoding = 4; lastKnownFileType = sourcecode.c.objc; path = MutableTableModelViewController.m; sourceTree = "<group>"; };
		66D2FDB61593D5D000B2BEFD /* ContentModesNetworkImageViewController.h */ = {isa = PBXFileReference; fileEncoding = 4; lastKnownFileType = sourcecode.c.h; path = ContentModesNetworkImageViewController.h; sourceTree = "<group>"; };
		66D2FDB71593D5D000B2BEFD /* ContentModesNetworkImageViewController.m */ = {isa = PBXFileReference; fileEncoding = 4; lastKnownFileType = sourcecode.c.objc; path = ContentModesNetworkImageViewController.m; sourceTree = "<group>"; };
		6B0924822495651ABC2F6441 /* Pods_Nimbus.framework */ = {isa = PBXFileReference; explicitFileType = wrapper.framework; includeInIndex = 0; path = Pods_Nimbus.framework; sourceTree = BUILT_PRODUCTS_DIR; };
/* End PBXFileReference section */

/* Begin PBXFrameworksBuildPhase section */
		6693C0E8158A63E600950D42 /* Frameworks */ = {
			isa = PBXFrameworksBuildPhase;
			buildActionMask = 2147483647;
			files = (
				6658C38D18A910860080B319 /* Security.framework in Frameworks */,
				6658C38B18A910820080B319 /* SystemConfiguration.framework in Frameworks */,
				66B941541592E5EF00AEA1D2 /* CoreLocation.framework in Frameworks */,
				6693C2EB158AA2BF00950D42 /* CoreText.framework in Frameworks */,
				6693C0F0158A63E600950D42 /* UIKit.framework in Frameworks */,
				6693C0F2158A63E600950D42 /* Foundation.framework in Frameworks */,
				6693C0F4158A63E600950D42 /* CoreGraphics.framework in Frameworks */,
				FB6D012ACA9CD37B5980800E /* Pods_Nimbus.framework in Frameworks */,
			);
			runOnlyForDeploymentPostprocessing = 0;
		};
/* End PBXFrameworksBuildPhase section */

/* Begin PBXGroup section */
		44707C73159B068400B83149 /* Paging Scroll View */ = {
			isa = PBXGroup;
			children = (
				44707C75159B06A000B83149 /* BasicInstantiationPagingScrollViewController.h */,
				44707C76159B06A000B83149 /* BasicInstantiationPagingScrollViewController.m */,
				66B67085159CC32D00FE4AE8 /* VerticalPagingScrollViewController.h */,
				66B67086159CC32D00FE4AE8 /* VerticalPagingScrollViewController.m */,
				66B67089159CC39D00FE4AE8 /* SamplePageView.h */,
				66B6708A159CC39D00FE4AE8 /* SamplePageView.m */,
			);
			name = "Paging Scroll View";
			sourceTree = "<group>";
		};
		661F28EA1592929E00D11FC3 /* Badge */ = {
			isa = PBXGroup;
			children = (
				661F28EC159292B800D11FC3 /* BasicInstantiationBadgeViewController.h */,
				661F28ED159292B800D11FC3 /* BasicInstantiationBadgeViewController.m */,
				661F28F4159299C900D11FC3 /* CustomizingBadgesViewController.h */,
				661F28F5159299C900D11FC3 /* CustomizingBadgesViewController.m */,
				661F292F15929E2300D11FC3 /* InterfaceBuilderBadgeViewController.h */,
				661F293015929E2300D11FC3 /* InterfaceBuilderBadgeViewController.m */,
				661F293115929E2300D11FC3 /* ApplicationBadges.xib */,
			);
			name = Badge;
			sourceTree = "<group>";
		};
		6677FEB915AB886B00517ABC /* Table Models */ = {
			isa = PBXGroup;
			children = (
				6677FEBB15AB8A0300517ABC /* BasicInstantiationTableModelViewController.h */,
				6677FEBC15AB8A0300517ABC /* BasicInstantiationTableModelViewController.m */,
				6677FEDA15AB96BF00517ABC /* SectionedTableModelViewController.h */,
				6677FEDB15AB96BF00517ABC /* SectionedTableModelViewController.m */,
				6677FEDE15ABA9A200517ABC /* IndexedTableModelViewController.h */,
				6677FEDF15ABA9A300517ABC /* IndexedTableModelViewController.m */,
				66559AF815C8BE6800ED9047 /* ActionsTableModelViewController.h */,
				66559AF915C8BE6800ED9047 /* ActionsTableModelViewController.m */,
				6677FEE815AC92C800517ABC /* RadioGroupTableModelViewController.h */,
				6677FEE915AC92C800517ABC /* RadioGroupTableModelViewController.m */,
				6677FEEB15ACA60300517ABC /* NestedRadioGroupTableModelViewController.h */,
				6677FEEC15ACA60400517ABC /* NestedRadioGroupTableModelViewController.m */,
				66559AFC15CC3F9B00ED9047 /* ModalRadioGroupTableModelViewController.h */,
				66559AFD15CC3F9B00ED9047 /* ModalRadioGroupTableModelViewController.m */,
				6677FEE115ABACC500517ABC /* FormCellCatalogViewController.h */,
				6677FEE215ABACC500517ABC /* FormCellCatalogViewController.m */,
				66CB01A215ACA85E0048E189 /* BlockCellsViewController.h */,
				66CB01A315ACA85E0048E189 /* BlockCellsViewController.m */,
				661B9AB415AFF9DC00B743F1 /* NetworkBlockCellsViewController.h */,
				661B9AB515AFF9DC00B743F1 /* NetworkBlockCellsViewController.m */,
				6613335C15D3A66B00369333 /* SnapshotRotationTableViewController.h */,
				6613335D15D3A66B00369333 /* SnapshotRotationTableViewController.m */,
				66D2E54D15D9616500281511 /* MutableTableModelViewController.h */,
				66D2E54E15D9616500281511 /* MutableTableModelViewController.m */,
			);
			name = "Table Models";
			sourceTree = "<group>";
		};
		668B766B15938C6E00EA86F6 /* Web Controller */ = {
			isa = PBXGroup;
			children = (
				668B766D15938C8400EA86F6 /* ExtraActionsWebViewController.h */,
				668B766E15938C8400EA86F6 /* ExtraActionsWebViewController.m */,
			);
			name = "Web Controller";
			sourceTree = "<group>";
		};
		668B7670159393B400EA86F6 /* Network Image */ = {
			isa = PBXGroup;
			children = (
				668B7671159394A200EA86F6 /* BasicInstantiationNetworkImageViewController.h */,
				668B7672159394A200EA86F6 /* BasicInstantiationNetworkImageViewController.m */,
				66D2FDB61593D5D000B2BEFD /* ContentModesNetworkImageViewController.h */,
				66D2FDB71593D5D000B2BEFD /* ContentModesNetworkImageViewController.m */,
			);
			name = "Network Image";
			sourceTree = "<group>";
		};
		6693C0E0158A63E600950D42 = {
			isa = PBXGroup;
			children = (
				6693C0FD158A63E600950D42 /* NimbusCatalog-Prefix.pch */,
				6693C0FE158A63E600950D42 /* AppDelegate.h */,
				6693C0FF158A63E600950D42 /* AppDelegate.m */,
				6693C0FB158A63E600950D42 /* main.m */,
				6693C1D0158A808100950D42 /* Catalog */,
				6693C10C158A63F700950D42 /* Resources */,
				6693C0EE158A63E600950D42 /* Frameworks */,
				6693C0EC158A63E600950D42 /* Products */,
				B1E85C6A3A826B12E23CA808 /* Pods */,
			);
			sourceTree = "<group>";
		};
		6693C0EC158A63E600950D42 /* Products */ = {
			isa = PBXGroup;
			children = (
				6693C0EB158A63E600950D42 /* Nimbus.app */,
			);
			name = Products;
			sourceTree = "<group>";
		};
		6693C0EE158A63E600950D42 /* Frameworks */ = {
			isa = PBXGroup;
			children = (
				6658C38C18A910860080B319 /* Security.framework */,
				6658C38A18A910820080B319 /* SystemConfiguration.framework */,
				66B941531592E5EF00AEA1D2 /* CoreLocation.framework */,
				6693C2EA158AA2BE00950D42 /* CoreText.framework */,
				6693C0EF158A63E600950D42 /* UIKit.framework */,
				6693C0F1158A63E600950D42 /* Foundation.framework */,
				6693C0F3158A63E600950D42 /* CoreGraphics.framework */,
				6B0924822495651ABC2F6441 /* Pods_Nimbus.framework */,
			);
			name = Frameworks;
			sourceTree = "<group>";
		};
		6693C10C158A63F700950D42 /* Resources */ = {
			isa = PBXGroup;
			children = (
				2B960E8315AE41FC005714CA /* navigationbar.png */,
				6677FEE415AC8D1600517ABC /* circle.png */,
				6677FEE615AC8D1C00517ABC /* star.png */,
				66B941551592EB4500AEA1D2 /* dilly.jpg */,
				6693C0F7158A63E600950D42 /* NimbusCatalog-Info.plist */,
				6693C0F8158A63E600950D42 /* InfoPlist.strings */,
			);
			name = Resources;
			sourceTree = "<group>";
		};
		6693C1D0158A808100950D42 /* Catalog */ = {
			isa = PBXGroup;
			children = (
				6693C1D1158A80A000950D42 /* CatalogViewController.h */,
				6693C1D2158A80A000950D42 /* CatalogViewController.m */,
				6693C2DC158A9A0E00950D42 /* Attributed Label */,
				661F28EA1592929E00D11FC3 /* Badge */,
				6693EFEA18A7290800A600A0 /* Collection Models */,
				66B9414C1592E33900AEA1D2 /* Interapp */,
				66A29F80159507D700F6EA64 /* Launcher */,
				668B7670159393B400EA86F6 /* Network Image */,
				44707C73159B068400B83149 /* Paging Scroll View */,
				6677FEB915AB886B00517ABC /* Table Models */,
				668B766B15938C6E00EA86F6 /* Web Controller */,
			);
			name = Catalog;
			path = ../catalog/Catalog;
			sourceTree = "<group>";
		};
		6693C2DC158A9A0E00950D42 /* Attributed Label */ = {
			isa = PBXGroup;
			children = (
				6693C2DE158A9A3E00950D42 /* BasicInstantiationAttributedLabelViewController.h */,
				669A15CF158D38E700A0990A /* BasicInstantiationAttributedLabelViewController.m */,
				6693C2EC158AB5B600950D42 /* CustomTextAttributedLabelViewController.h */,
				6693C2ED158AB5B600950D42 /* CustomTextAttributedLabelViewController.m */,
				669A15CB158D318B00A0990A /* LinksAttributedLabelViewController.h */,
				669A15CC158D318B00A0990A /* LinksAttributedLabelViewController.m */,
				669A15D1158E6C7C00A0990A /* DataTypesAttributedLabelViewController.h */,
				669A15D2158E6C7C00A0990A /* DataTypesAttributedLabelViewController.m */,
				6633D21D15DDBD4100A4B07E /* ImagesAttributedLabelViewController.h */,
				6633D21E15DDBD4100A4B07E /* ImagesAttributedLabelViewController.m */,
				669A15D4158E81D200A0990A /* PerformanceAttributedLabelViewController.h */,
				669A15D5158E81D200A0990A /* PerformanceAttributedLabelViewController.m */,
				66B6692D159BD22500FE4AE8 /* LongTapAttributedLabelViewController.h */,
				66B6692E159BD22500FE4AE8 /* LongTapAttributedLabelViewController.m */,
				6633C7ED158F08A40054D240 /* InterfaceBuilderAttributedLabelViewController.h */,
				6633C7EE158F08A40054D240 /* InterfaceBuilderAttributedLabelViewController.m */,
				3616212916812222002A9078 /* AlignmentAttributedLabelViewController.h */,
				3616212A16812222002A9078 /* AlignmentAttributedLabelViewController.m */,
				3616212B16812222002A9078 /* AlignmentAttributedLabelViewController.xib */,
				6633C7F1158F08EA0054D240 /* AttributedLabelMashup.xib */,
			);
			name = "Attributed Label";
			sourceTree = "<group>";
		};
		6693EFEA18A7290800A600A0 /* Collection Models */ = {
			isa = PBXGroup;
			children = (
				6693EFFE18A7A3E700A600A0 /* Collection Cells */,
				6693EFEB18A7293700A600A0 /* BasicInstantiationCollectionModelViewController.h */,
				6693EFEC18A7293700A600A0 /* BasicInstantiationCollectionModelViewController.m */,
				6617AF1E18A8138500037E75 /* NibCollectionModelViewController.h */,
				6617AF1F18A8138500037E75 /* NibCollectionModelViewController.m */,
				6617AF2618A8188000037E75 /* CustomNibCollectionModelViewController.h */,
				6617AF2718A8188000037E75 /* CustomNibCollectionModelViewController.m */,
			);
			name = "Collection Models";
			sourceTree = "<group>";
		};
		6693EFFE18A7A3E700A600A0 /* Collection Cells */ = {
			isa = PBXGroup;
			children = (
				6693EFFF18A7A40A00A600A0 /* ColorCell.h */,
				6693F00018A7A40A00A600A0 /* ColorCell.m */,
				6617AF2118A813FC00037E75 /* NibCellObject.h */,
				6617AF2218A813FC00037E75 /* NibCellObject.m */,
				6617AF2918A8189D00037E75 /* CustomTextCell.h */,
				6617AF2A18A8189D00037E75 /* CustomTextCell.m */,
				6617AF2418A817D600037E75 /* CustomTextCell.xib */,
				6693F00518A7B0B900A600A0 /* NimbusKitCell.xib */,
			);
			name = "Collection Cells";
			sourceTree = "<group>";
		};
		66A29F80159507D700F6EA64 /* Launcher */ = {
			isa = PBXGroup;
			children = (
				66A29F8F1595082C00F6EA64 /* BasicInstantiationLauncherViewController.h */,
				66A29F901595082C00F6EA64 /* BasicInstantiationLauncherViewController.m */,
				66BB4FA615958A6F00020EE8 /* ModelLauncherViewController.h */,
				66BB4FA715958A6F00020EE8 /* ModelLauncherViewController.m */,
				66BB4FAD159594E300020EE8 /* ModifyingLauncherViewController.h */,
				66BB4FAE159594E300020EE8 /* ModifyingLauncherViewController.m */,
				66BB4FCC15959B5000020EE8 /* RestoringLauncherViewController.h */,
				66BB4FCD15959B5000020EE8 /* RestoringLauncherViewController.m */,
				6692F58D159920E200FA074E /* BadgedLauncherViewController.h */,
				6692F58E159920E200FA074E /* BadgedLauncherViewController.m */,
				660C6F2715992B2500209EB3 /* BadgedLauncherButtonView.h */,
				660C6F2815992B2500209EB3 /* BadgedLauncherButtonView.m */,
			);
			name = Launcher;
			sourceTree = "<group>";
		};
		66B9414C1592E33900AEA1D2 /* Interapp */ = {
			isa = PBXGroup;
			children = (
				66B941501592E36900AEA1D2 /* InterappViewController.h */,
				66B941511592E36900AEA1D2 /* InterappViewController.m */,
			);
			name = Interapp;
			sourceTree = "<group>";
		};
		B1E85C6A3A826B12E23CA808 /* Pods */ = {
			isa = PBXGroup;
			children = (
				119231B1E9F56681FF2F04DA /* Pods-Nimbus.debug.xcconfig */,
				15CED1C7D7E9845E6A04DAED /* Pods-Nimbus.release.xcconfig */,
			);
			name = Pods;
			sourceTree = "<group>";
		};
/* End PBXGroup section */

/* Begin PBXNativeTarget section */
		6693C0EA158A63E600950D42 /* Nimbus */ = {
			isa = PBXNativeTarget;
			buildConfigurationList = 6693C103158A63E600950D42 /* Build configuration list for PBXNativeTarget "Nimbus" */;
			buildPhases = (
				5CA6A75E42A756294A5B989A /* [CP] Check Pods Manifest.lock */,
				6693C0E7158A63E600950D42 /* Sources */,
				6693C0E8158A63E600950D42 /* Frameworks */,
				6693C0E9158A63E600950D42 /* Resources */,
				FECA91663063C9B996CAC355 /* [CP] Embed Pods Frameworks */,
				6C2A90E481AC4856A7BE83BB /* [CP] Copy Pods Resources */,
			);
			buildRules = (
			);
			dependencies = (
			);
			name = Nimbus;
			productName = Catalog;
			productReference = 6693C0EB158A63E600950D42 /* Nimbus.app */;
			productType = "com.apple.product-type.application";
		};
/* End PBXNativeTarget section */

/* Begin PBXProject section */
		6693C0E2158A63E600950D42 /* Project object */ = {
			isa = PBXProject;
			attributes = {
				LastUpgradeCheck = 0500;
				ORGANIZATIONNAME = Nimbus;
			};
			buildConfigurationList = 6693C0E5158A63E600950D42 /* Build configuration list for PBXProject "NimbusCatalog" */;
			compatibilityVersion = "Xcode 3.2";
			developmentRegion = English;
			hasScannedForEncodings = 0;
			knownRegions = (
				en,
			);
			mainGroup = 6693C0E0158A63E600950D42;
			productRefGroup = 6693C0EC158A63E600950D42 /* Products */;
			projectDirPath = "";
			projectRoot = "";
			targets = (
				6693C0EA158A63E600950D42 /* Nimbus */,
			);
		};
/* End PBXProject section */

/* Begin PBXResourcesBuildPhase section */
		6693C0E9158A63E600950D42 /* Resources */ = {
			isa = PBXResourcesBuildPhase;
			buildActionMask = 2147483647;
			files = (
				6693C0FA158A63E600950D42 /* InfoPlist.strings in Resources */,
				6617AF2518A817D600037E75 /* CustomTextCell.xib in Resources */,
				6633C7F2158F08EA0054D240 /* AttributedLabelMashup.xib in Resources */,
				6693F00618A7B0B900A600A0 /* NimbusKitCell.xib in Resources */,
				661F293315929E2300D11FC3 /* ApplicationBadges.xib in Resources */,
				66B941561592EB4500AEA1D2 /* dilly.jpg in Resources */,
				6677FEE515AC8D1600517ABC /* circle.png in Resources */,
				6677FEE715AC8D1C00517ABC /* star.png in Resources */,
				2B960E8415AE41FC005714CA /* navigationbar.png in Resources */,
				3616212D16812222002A9078 /* AlignmentAttributedLabelViewController.xib in Resources */,
			);
			runOnlyForDeploymentPostprocessing = 0;
		};
/* End PBXResourcesBuildPhase section */

/* Begin PBXShellScriptBuildPhase section */
		5CA6A75E42A756294A5B989A /* [CP] Check Pods Manifest.lock */ = {
			isa = PBXShellScriptBuildPhase;
			buildActionMask = 2147483647;
			files = (
			);
			inputPaths = (
			);
			name = "[CP] Check Pods Manifest.lock";
			outputPaths = (
			);
			runOnlyForDeploymentPostprocessing = 0;
			shellPath = /bin/sh;
			shellScript = "diff \"${PODS_ROOT}/../Podfile.lock\" \"${PODS_ROOT}/Manifest.lock\" > /dev/null\nif [ $? != 0 ] ; then\n    # print error to STDERR\n    echo \"error: The sandbox is not in sync with the Podfile.lock. Run 'pod install' or update your CocoaPods installation.\" >&2\n    exit 1\nfi\n";
			showEnvVarsInLog = 0;
		};
		6C2A90E481AC4856A7BE83BB /* [CP] Copy Pods Resources */ = {
			isa = PBXShellScriptBuildPhase;
			buildActionMask = 2147483647;
			files = (
			);
			inputPaths = (
			);
			name = "[CP] Copy Pods Resources";
			outputPaths = (
			);
			runOnlyForDeploymentPostprocessing = 0;
			shellPath = /bin/sh;
			shellScript = "\"${SRCROOT}/Pods/Target Support Files/Pods-Nimbus/Pods-Nimbus-resources.sh\"\n";
			showEnvVarsInLog = 0;
		};
		FECA91663063C9B996CAC355 /* [CP] Embed Pods Frameworks */ = {
			isa = PBXShellScriptBuildPhase;
			buildActionMask = 2147483647;
			files = (
			);
			inputPaths = (
			);
			name = "[CP] Embed Pods Frameworks";
			outputPaths = (
			);
			runOnlyForDeploymentPostprocessing = 0;
			shellPath = /bin/sh;
			shellScript = "\"${SRCROOT}/Pods/Target Support Files/Pods-Nimbus/Pods-Nimbus-frameworks.sh\"\n";
			showEnvVarsInLog = 0;
		};
/* End PBXShellScriptBuildPhase section */

/* Begin PBXSourcesBuildPhase section */
		6693C0E7158A63E600950D42 /* Sources */ = {
			isa = PBXSourcesBuildPhase;
			buildActionMask = 2147483647;
			files = (
				6693C0FC158A63E600950D42 /* main.m in Sources */,
				6693C100158A63E600950D42 /* AppDelegate.m in Sources */,
				6693C1D3158A80A000950D42 /* CatalogViewController.m in Sources */,
				6693C2EE158AB5B600950D42 /* CustomTextAttributedLabelViewController.m in Sources */,
				669A15CD158D318B00A0990A /* LinksAttributedLabelViewController.m in Sources */,
				669A15D0158D38E700A0990A /* BasicInstantiationAttributedLabelViewController.m in Sources */,
				6617AF2318A813FC00037E75 /* NibCellObject.m in Sources */,
				6617AF2B18A8189D00037E75 /* CustomTextCell.m in Sources */,
				669A15D3158E6C7C00A0990A /* DataTypesAttributedLabelViewController.m in Sources */,
				669A15D6158E81D200A0990A /* PerformanceAttributedLabelViewController.m in Sources */,
				6633C7EF158F08A40054D240 /* InterfaceBuilderAttributedLabelViewController.m in Sources */,
				661F28EE159292B800D11FC3 /* BasicInstantiationBadgeViewController.m in Sources */,
				661F28F6159299C900D11FC3 /* CustomizingBadgesViewController.m in Sources */,
				661F293215929E2300D11FC3 /* InterfaceBuilderBadgeViewController.m in Sources */,
				66B941521592E36900AEA1D2 /* InterappViewController.m in Sources */,
				668B766F15938C8400EA86F6 /* ExtraActionsWebViewController.m in Sources */,
				668B7673159394A200EA86F6 /* BasicInstantiationNetworkImageViewController.m in Sources */,
				6617AF2818A8188000037E75 /* CustomNibCollectionModelViewController.m in Sources */,
				6693F00118A7A40A00A600A0 /* ColorCell.m in Sources */,
				66D2FDB81593D5D000B2BEFD /* ContentModesNetworkImageViewController.m in Sources */,
				6617AF2018A8138500037E75 /* NibCollectionModelViewController.m in Sources */,
				66A29F911595082C00F6EA64 /* BasicInstantiationLauncherViewController.m in Sources */,
				66BB4FA815958A6F00020EE8 /* ModelLauncherViewController.m in Sources */,
				66BB4FAF159594E300020EE8 /* ModifyingLauncherViewController.m in Sources */,
				66BB4FCE15959B5000020EE8 /* RestoringLauncherViewController.m in Sources */,
				6692F58F159920E200FA074E /* BadgedLauncherViewController.m in Sources */,
				660C6F2915992B2500209EB3 /* BadgedLauncherButtonView.m in Sources */,
				44707C77159B06A700B83149 /* BasicInstantiationPagingScrollViewController.m in Sources */,
				66B6692F159BD22500FE4AE8 /* LongTapAttributedLabelViewController.m in Sources */,
				66B67087159CC32D00FE4AE8 /* VerticalPagingScrollViewController.m in Sources */,
				66B6708B159CC39E00FE4AE8 /* SamplePageView.m in Sources */,
				6677FEBD15AB8A0300517ABC /* BasicInstantiationTableModelViewController.m in Sources */,
				6677FEDC15AB96BF00517ABC /* SectionedTableModelViewController.m in Sources */,
				6677FEE015ABA9A300517ABC /* IndexedTableModelViewController.m in Sources */,
				6677FEE315ABACC500517ABC /* FormCellCatalogViewController.m in Sources */,
				6677FEEA15AC92C800517ABC /* RadioGroupTableModelViewController.m in Sources */,
				6677FEED15ACA60400517ABC /* NestedRadioGroupTableModelViewController.m in Sources */,
				66CB01A415ACA85E0048E189 /* BlockCellsViewController.m in Sources */,
				661B9AB615AFF9DC00B743F1 /* NetworkBlockCellsViewController.m in Sources */,
				66559AFA15C8BE6800ED9047 /* ActionsTableModelViewController.m in Sources */,
				66559AFE15CC3F9B00ED9047 /* ModalRadioGroupTableModelViewController.m in Sources */,
				6613335E15D3A66B00369333 /* SnapshotRotationTableViewController.m in Sources */,
				6633D21F15DDBD4100A4B07E /* ImagesAttributedLabelViewController.m in Sources */,
				6693EFED18A7293700A600A0 /* BasicInstantiationCollectionModelViewController.m in Sources */,
				66D2E54F15D9616500281511 /* MutableTableModelViewController.m in Sources */,
				3616212C16812222002A9078 /* AlignmentAttributedLabelViewController.m in Sources */,
			);
			runOnlyForDeploymentPostprocessing = 0;
		};
/* End PBXSourcesBuildPhase section */

/* Begin PBXVariantGroup section */
		6693C0F8158A63E600950D42 /* InfoPlist.strings */ = {
			isa = PBXVariantGroup;
			children = (
				6693C0F9158A63E600950D42 /* en */,
			);
			name = InfoPlist.strings;
			path = Catalog;
			sourceTree = "<group>";
		};
/* End PBXVariantGroup section */

/* Begin XCBuildConfiguration section */
		6693C101158A63E600950D42 /* Debug */ = {
			isa = XCBuildConfiguration;
			buildSettings = {
				ALWAYS_SEARCH_USER_PATHS = NO;
				CLANG_CXX_LANGUAGE_STANDARD = "gnu++0x";
				CLANG_ENABLE_OBJC_ARC = YES;
				CLANG_WARN__DUPLICATE_METHOD_MATCH = YES;
				"CODE_SIGN_IDENTITY[sdk=iphoneos*]" = "iPhone Developer";
				COPY_PHASE_STRIP = NO;
				GCC_C_LANGUAGE_STANDARD = gnu99;
				GCC_DYNAMIC_NO_PIC = NO;
				GCC_OPTIMIZATION_LEVEL = 0;
				GCC_PREPROCESSOR_DEFINITIONS = (
					"DEBUG=1",
					"$(inherited)",
				);
				GCC_SYMBOLS_PRIVATE_EXTERN = NO;
				GCC_WARN_ABOUT_RETURN_TYPE = YES;
				GCC_WARN_UNINITIALIZED_AUTOS = YES;
				GCC_WARN_UNUSED_VARIABLE = YES;
				IPHONEOS_DEPLOYMENT_TARGET = 6.0;
				ONLY_ACTIVE_ARCH = YES;
				SDKROOT = iphoneos;
				TARGETED_DEVICE_FAMILY = "1,2";
			};
			name = Debug;
		};
		6693C102158A63E600950D42 /* Release */ = {
			isa = XCBuildConfiguration;
			buildSettings = {
				ALWAYS_SEARCH_USER_PATHS = NO;
				CLANG_CXX_LANGUAGE_STANDARD = "gnu++0x";
				CLANG_ENABLE_OBJC_ARC = YES;
				CLANG_WARN__DUPLICATE_METHOD_MATCH = YES;
				"CODE_SIGN_IDENTITY[sdk=iphoneos*]" = "iPhone Developer";
				COPY_PHASE_STRIP = YES;
				GCC_C_LANGUAGE_STANDARD = gnu99;
				GCC_WARN_ABOUT_RETURN_TYPE = YES;
				GCC_WARN_UNINITIALIZED_AUTOS = YES;
				GCC_WARN_UNUSED_VARIABLE = YES;
				IPHONEOS_DEPLOYMENT_TARGET = 6.0;
				OTHER_CFLAGS = "-DNS_BLOCK_ASSERTIONS=1";
				SDKROOT = iphoneos;
				TARGETED_DEVICE_FAMILY = "1,2";
				VALIDATE_PRODUCT = YES;
			};
			name = Release;
		};
		6693C104158A63E600950D42 /* Debug */ = {
			isa = XCBuildConfiguration;
			baseConfigurationReference = 119231B1E9F56681FF2F04DA /* Pods-Nimbus.debug.xcconfig */;
			buildSettings = {
				GCC_PRECOMPILE_PREFIX_HEADER = YES;
				GCC_PREFIX_HEADER = "Catalog/NimbusCatalog-Prefix.pch";
				INFOPLIST_FILE = "Catalog/NimbusCatalog-Info.plist";
				IPHONEOS_DEPLOYMENT_TARGET = 8.0;
				OTHER_LDFLAGS = "$(inherited)";
				PRODUCT_NAME = Nimbus;
				WRAPPER_EXTENSION = app;
			};
			name = Debug;
		};
		6693C105158A63E600950D42 /* Release */ = {
			isa = XCBuildConfiguration;
			baseConfigurationReference = 15CED1C7D7E9845E6A04DAED /* Pods-Nimbus.release.xcconfig */;
			buildSettings = {
				GCC_PRECOMPILE_PREFIX_HEADER = YES;
				GCC_PREFIX_HEADER = "Catalog/NimbusCatalog-Prefix.pch";
				INFOPLIST_FILE = "Catalog/NimbusCatalog-Info.plist";
				IPHONEOS_DEPLOYMENT_TARGET = 8.0;
				OTHER_LDFLAGS = "$(inherited)";
				PRODUCT_NAME = Nimbus;
				WRAPPER_EXTENSION = app;
			};
			name = Release;
		};
/* End XCBuildConfiguration section */

/* Begin XCConfigurationList section */
		6693C0E5158A63E600950D42 /* Build configuration list for PBXProject "NimbusCatalog" */ = {
			isa = XCConfigurationList;
			buildConfigurations = (
				6693C101158A63E600950D42 /* Debug */,
				6693C102158A63E600950D42 /* Release */,
			);
			defaultConfigurationIsVisible = 0;
			defaultConfigurationName = Release;
		};
		6693C103158A63E600950D42 /* Build configuration list for PBXNativeTarget "Nimbus" */ = {
			isa = XCConfigurationList;
			buildConfigurations = (
				6693C104158A63E600950D42 /* Debug */,
				6693C105158A63E600950D42 /* Release */,
			);
			defaultConfigurationIsVisible = 0;
			defaultConfigurationName = Release;
		};
/* End XCConfigurationList section */
	};
	rootObject = 6693C0E2158A63E600950D42 /* Project object */;
}
